
Microsoft Visual Studio Solution File, Format Version 12.00
# Visual Studio Version 17
VisualStudioVersion = 17.6.33723.286
MinimumVisualStudioVersion = 10.0.40219.1
Project("{FAE04EC0-301F-11D3-BF4B-00C04F79EFBC}") = "CSUdemyHW", "CSUdemyHW\CSUdemyHW.csproj", "{17E53177-FF25-4C68-90AD-EA978DC20AD3}"
EndProject
Global
	GlobalSection(SolutionConfigurationPlatforms) = preSolution
		Debug|Any CPU = Debug|Any CPU
		Release|Any CPU = Release|Any CPU
	EndGlobalSection
	GlobalSection(ProjectConfigurationPlatforms) = postSolution
		{17E53177-FF25-4C68-90AD-EA978DC20AD3}.Debug|Any CPU.ActiveCfg = Debug|Any CPU
		{17E53177-FF25-4C68-90AD-EA978DC20AD3}.Debug|Any CPU.Build.0 = Debug|Any CPU
		{17E53177-FF25-4C68-90AD-EA978DC20AD3}.Release|Any CPU.ActiveCfg = Release|Any CPU
		{17E53177-FF25-4C68-90AD-EA978DC20AD3}.Release|Any CPU.Build.0 = Release|Any CPU
	EndGlobalSection
	GlobalSection(SolutionProperties) = preSolution
		HideSolutionNode = FALSE
	EndGlobalSection
	GlobalSection(ExtensibilityGlobals) = postSolution
		SolutionGuid = {BEE93CE1-94B3-4FD2-83AD-75D4CBDCA68C}
	EndGlobalSection
EndGlobal
